
Microsoft Visual Studio Solution File, Format Version 12.00
Project("{FAE04EC0-301F-11D3-BF4B-00C04F79EFBC}") = "LunarCrush Project", "LunarCrush Project\LunarCrush Project.csproj", "{9E755D6F-6AC0-4BDA-BF29-F852EB6DE42B}"
EndProject
Global
	GlobalSection(SolutionConfigurationPlatforms) = preSolution
		Debug|Any CPU = Debug|Any CPU
		Release|Any CPU = Release|Any CPU
	EndGlobalSection
	GlobalSection(ProjectConfigurationPlatforms) = postSolution
		{9E755D6F-6AC0-4BDA-BF29-F852EB6DE42B}.Debug|Any CPU.ActiveCfg = Debug|Any CPU
		{9E755D6F-6AC0-4BDA-BF29-F852EB6DE42B}.Debug|Any CPU.Build.0 = Debug|Any CPU
		{9E755D6F-6AC0-4BDA-BF29-F852EB6DE42B}.Release|Any CPU.ActiveCfg = Release|Any CPU
		{9E755D6F-6AC0-4BDA-BF29-F852EB6DE42B}.Release|Any CPU.Build.0 = Release|Any CPU
	EndGlobalSection
EndGlobal
